
Microsoft Visual Studio Solution File, Format Version 12.00
# Visual Studio Version 17
VisualStudioVersion = 17.9.34622.214
MinimumVisualStudioVersion = 10.0.40219.1
Project("{FAE04EC0-301F-11D3-BF4B-00C04F79EFBC}") = "ConsoleApp", "ConsolePart\ConsoleApp.csproj", "{493BF5B8-8ACB-4D74-8ACA-3EAAC01A9497}"
EndProject
Project("{FAE04EC0-301F-11D3-BF4B-00C04F79EFBC}") = "TracerLibrary", "..\LibraryPart\LibraryPart\TracerLibrary.csproj", "{A065D0BF-D158-44CD-9521-36E9CBC681DE}"
EndProject
Project("{9A19103F-16F7-4668-BE54-9A1E7A4F7556}") = "Test", "..\TestPart\TestPart\Test.csproj", "{B6F7A326-5373-406E-BC19-A7DDE4BD89DE}"
EndProject
Global
	GlobalSection(SolutionConfigurationPlatforms) = preSolution
		Debug|Any CPU = Debug|Any CPU
		Release|Any CPU = Release|Any CPU
	EndGlobalSection
	GlobalSection(ProjectConfigurationPlatforms) = postSolution
		{493BF5B8-8ACB-4D74-8ACA-3EAAC01A9497}.Debug|Any CPU.ActiveCfg = Debug|Any CPU
		{493BF5B8-8ACB-4D74-8ACA-3EAAC01A9497}.Debug|Any CPU.Build.0 = Debug|Any CPU
		{493BF5B8-8ACB-4D74-8ACA-3EAAC01A9497}.Release|Any CPU.ActiveCfg = Release|Any CPU
		{493BF5B8-8ACB-4D74-8ACA-3EAAC01A9497}.Release|Any CPU.Build.0 = Release|Any CPU
		{A065D0BF-D158-44CD-9521-36E9CBC681DE}.Debug|Any CPU.ActiveCfg = Debug|Any CPU
		{A065D0BF-D158-44CD-9521-36E9CBC681DE}.Debug|Any CPU.Build.0 = Debug|Any CPU
		{A065D0BF-D158-44CD-9521-36E9CBC681DE}.Release|Any CPU.ActiveCfg = Release|Any CPU
		{A065D0BF-D158-44CD-9521-36E9CBC681DE}.Release|Any CPU.Build.0 = Release|Any CPU
		{B6F7A326-5373-406E-BC19-A7DDE4BD89DE}.Debug|Any CPU.ActiveCfg = Debug|Any CPU
		{B6F7A326-5373-406E-BC19-A7DDE4BD89DE}.Debug|Any CPU.Build.0 = Debug|Any CPU
		{B6F7A326-5373-406E-BC19-A7DDE4BD89DE}.Release|Any CPU.ActiveCfg = Release|Any CPU
		{B6F7A326-5373-406E-BC19-A7DDE4BD89DE}.Release|Any CPU.Build.0 = Release|Any CPU
	EndGlobalSection
	GlobalSection(SolutionProperties) = preSolution
		HideSolutionNode = FALSE
	EndGlobalSection
	GlobalSection(ExtensibilityGlobals) = postSolution
		SolutionGuid = {204345CB-6EDD-4FD2-9978-5BC12AF85844}
	EndGlobalSection
EndGlobal
