
Microsoft Visual Studio Solution File, Format Version 12.00
# Visual Studio Version 17
VisualStudioVersion = 17.5.33530.505
MinimumVisualStudioVersion = 10.0.40219.1
Project("{FAE04EC0-301F-11D3-BF4B-00C04F79EFBC}") = "lab1", "lab1.csproj", "{73DB2DE5-B94A-4BDE-B49B-C7992A8C2D3E}"
EndProject
Project("{9A19103F-16F7-4668-BE54-9A1E7A4F7556}") = "TracerConsoleApp", "..\TracerConsoleApp\TracerConsoleApp.csproj", "{3CDECCA6-5090-4E90-8B76-BE6FDDF8A108}"
EndProject
Project("{FAE04EC0-301F-11D3-BF4B-00C04F79EFBC}") = "UnitTestProject1", "..\UnitTestProject1\UnitTestProject1.csproj", "{BAE45A91-CCB0-43FA-950C-6B0EE73F08FF}"
EndProject
Global
	GlobalSection(SolutionConfigurationPlatforms) = preSolution
		Debug|Any CPU = Debug|Any CPU
		Release|Any CPU = Release|Any CPU
	EndGlobalSection
	GlobalSection(ProjectConfigurationPlatforms) = postSolution
		{73DB2DE5-B94A-4BDE-B49B-C7992A8C2D3E}.Debug|Any CPU.ActiveCfg = Debug|Any CPU
		{73DB2DE5-B94A-4BDE-B49B-C7992A8C2D3E}.Debug|Any CPU.Build.0 = Debug|Any CPU
		{73DB2DE5-B94A-4BDE-B49B-C7992A8C2D3E}.Release|Any CPU.ActiveCfg = Release|Any CPU
		{73DB2DE5-B94A-4BDE-B49B-C7992A8C2D3E}.Release|Any CPU.Build.0 = Release|Any CPU
		{3CDECCA6-5090-4E90-8B76-BE6FDDF8A108}.Debug|Any CPU.ActiveCfg = Debug|Any CPU
		{3CDECCA6-5090-4E90-8B76-BE6FDDF8A108}.Debug|Any CPU.Build.0 = Debug|Any CPU
		{3CDECCA6-5090-4E90-8B76-BE6FDDF8A108}.Release|Any CPU.ActiveCfg = Release|Any CPU
		{3CDECCA6-5090-4E90-8B76-BE6FDDF8A108}.Release|Any CPU.Build.0 = Release|Any CPU
		{BAE45A91-CCB0-43FA-950C-6B0EE73F08FF}.Debug|Any CPU.ActiveCfg = Debug|Any CPU
		{BAE45A91-CCB0-43FA-950C-6B0EE73F08FF}.Debug|Any CPU.Build.0 = Debug|Any CPU
		{BAE45A91-CCB0-43FA-950C-6B0EE73F08FF}.Release|Any CPU.ActiveCfg = Release|Any CPU
		{BAE45A91-CCB0-43FA-950C-6B0EE73F08FF}.Release|Any CPU.Build.0 = Release|Any CPU
	EndGlobalSection
	GlobalSection(SolutionProperties) = preSolution
		HideSolutionNode = FALSE
	EndGlobalSection
	GlobalSection(ExtensibilityGlobals) = postSolution
		SolutionGuid = {38560039-4777-4335-9C40-192994B498DE}
	EndGlobalSection
EndGlobal
